
Microsoft Visual Studio Solution File, Format Version 12.00
# Visual Studio Version 17
VisualStudioVersion = 17.0.32126.317
MinimumVisualStudioVersion = 10.0.40219.1
Project("{FAE04EC0-301F-11D3-BF4B-00C04F79EFBC}") = "CSharpBrasil", "CSharpBrasil.csproj", "{9FA4FDBE-6A4A-4C2E-AD3D-F624E70140EE}"
EndProject
Project("{FAE04EC0-301F-11D3-BF4B-00C04F79EFBC}") = "TrabalhandoComDatas", "..\TrabalhandoComDatas\TrabalhandoComDatas.csproj", "{790CD699-43C0-4FF8-8DAC-8F6D8B759D54}"
EndProject
Global
	GlobalSection(SolutionConfigurationPlatforms) = preSolution
		Debug|Any CPU = Debug|Any CPU
		Release|Any CPU = Release|Any CPU
	EndGlobalSection
	GlobalSection(ProjectConfigurationPlatforms) = postSolution
		{9FA4FDBE-6A4A-4C2E-AD3D-F624E70140EE}.Debug|Any CPU.ActiveCfg = Debug|Any CPU
		{9FA4FDBE-6A4A-4C2E-AD3D-F624E70140EE}.Debug|Any CPU.Build.0 = Debug|Any CPU
		{9FA4FDBE-6A4A-4C2E-AD3D-F624E70140EE}.Release|Any CPU.ActiveCfg = Release|Any CPU
		{9FA4FDBE-6A4A-4C2E-AD3D-F624E70140EE}.Release|Any CPU.Build.0 = Release|Any CPU
		{790CD699-43C0-4FF8-8DAC-8F6D8B759D54}.Debug|Any CPU.ActiveCfg = Debug|Any CPU
		{790CD699-43C0-4FF8-8DAC-8F6D8B759D54}.Debug|Any CPU.Build.0 = Debug|Any CPU
		{790CD699-43C0-4FF8-8DAC-8F6D8B759D54}.Release|Any CPU.ActiveCfg = Release|Any CPU
		{790CD699-43C0-4FF8-8DAC-8F6D8B759D54}.Release|Any CPU.Build.0 = Release|Any CPU
	EndGlobalSection
	GlobalSection(SolutionProperties) = preSolution
		HideSolutionNode = FALSE
	EndGlobalSection
	GlobalSection(ExtensibilityGlobals) = postSolution
		SolutionGuid = {8B4F53BD-6E15-4E48-B22C-1C8503EA6F2D}
	EndGlobalSection
EndGlobal
